// !$*UTF8*$!
{
	archiveVersion = 1;
	classes = {
	};
	objectVersion = 48;
	objects = {

/* Begin PBXBuildFile section */
		C3F1AF111FC6C1F9007232E3 /* AppDelegate.m in Sources */ = {isa = PBXBuildFile; fileRef = C3F1AF101FC6C1F9007232E3 /* AppDelegate.m */; };
		C3F1AF191FC6C1F9007232E3 /* Assets.xcassets in Resources */ = {isa = PBXBuildFile; fileRef = C3F1AF181FC6C1F9007232E3 /* Assets.xcassets */; };
		C3F1AF1C1FC6C1F9007232E3 /* LaunchScreen.storyboard in Resources */ = {isa = PBXBuildFile; fileRef = C3F1AF1A1FC6C1F9007232E3 /* LaunchScreen.storyboard */; };
		C3F1AF1F1FC6C1F9007232E3 /* main.m in Sources */ = {isa = PBXBuildFile; fileRef = C3F1AF1E1FC6C1F9007232E3 /* main.m */; };
		C3F1AF281FC6C273007232E3 /* Page2ViewController.m in Sources */ = {isa = PBXBuildFile; fileRef = C3F1AF261FC6C273007232E3 /* Page2ViewController.m */; };
		C3F1AF291FC6C273007232E3 /* Page2ViewController.xib in Resources */ = {isa = PBXBuildFile; fileRef = C3F1AF271FC6C273007232E3 /* Page2ViewController.xib */; };
		C3F1AF2D1FC6C3BE007232E3 /* Page1ViewController.m in Sources */ = {isa = PBXBuildFile; fileRef = C3F1AF2B1FC6C3BE007232E3 /* Page1ViewController.m */; };
		C3F1AF2E1FC6C3BE007232E3 /* Page1ViewController.xib in Resources */ = {isa = PBXBuildFile; fileRef = C3F1AF2C1FC6C3BE007232E3 /* Page1ViewController.xib */; };
		C3F1AF391FC6C7B1007232E3 /* UIControl+SDTrackTool.m in Sources */ = {isa = PBXBuildFile; fileRef = C3F1AF301FC6C7B1007232E3 /* UIControl+SDTrackTool.m */; };
		C3F1AF3A1FC6C7B1007232E3 /* SDTrackEvents.plist in Resources */ = {isa = PBXBuildFile; fileRef = C3F1AF311FC6C7B1007232E3 /* SDTrackEvents.plist */; };
		C3F1AF3C1FC6C7B1007232E3 /* SDTrackTool.m in Sources */ = {isa = PBXBuildFile; fileRef = C3F1AF371FC6C7B1007232E3 /* SDTrackTool.m */; };
		C3F1AF3D1FC6C7B1007232E3 /* UIViewController+ SDTrackTool.m in Sources */ = {isa = PBXBuildFile; fileRef = C3F1AF381FC6C7B1007232E3 /* UIViewController+ SDTrackTool.m */; };
/* End PBXBuildFile section */

/* Begin PBXFileReference section */
		C3F1AF0C1FC6C1F9007232E3 /* SDTrackTool_Demo.app */ = {isa = PBXFileReference; explicitFileType = wrapper.application; includeInIndex = 0; path = SDTrackTool_Demo.app; sourceTree = BUILT_PRODUCTS_DIR; };
		C3F1AF0F1FC6C1F9007232E3 /* AppDelegate.h */ = {isa = PBXFileReference; lastKnownFileType = sourcecode.c.h; path = AppDelegate.h; sourceTree = "<group>"; };
		C3F1AF101FC6C1F9007232E3 /* AppDelegate.m */ = {isa = PBXFileReference; lastKnownFileType = sourcecode.c.objc; path = AppDelegate.m; sourceTree = "<group>"; };
		C3F1AF181FC6C1F9007232E3 /* Assets.xcassets */ = {isa = PBXFileReference; lastKnownFileType = folder.assetcatalog; path = Assets.xcassets; sourceTree = "<group>"; };
		C3F1AF1B1FC6C1F9007232E3 /* Base */ = {isa = PBXFileReference; lastKnownFileType = file.storyboard; name = Base; path = Base.lproj/LaunchScreen.storyboard; sourceTree = "<group>"; };
		C3F1AF1D1FC6C1F9007232E3 /* Info.plist */ = {isa = PBXFileReference; lastKnownFileType = text.plist.xml; path = Info.plist; sourceTree = "<group>"; };
		C3F1AF1E1FC6C1F9007232E3 /* main.m */ = {isa = PBXFileReference; lastKnownFileType = sourcecode.c.objc; path = main.m; sourceTree = "<group>"; };
		C3F1AF251FC6C273007232E3 /* Page2ViewController.h */ = {isa = PBXFileReference; lastKnownFileType = sourcecode.c.h; path = Page2ViewController.h; sourceTree = "<group>"; };
		C3F1AF261FC6C273007232E3 /* Page2ViewController.m */ = {isa = PBXFileReference; lastKnownFileType = sourcecode.c.objc; path = Page2ViewController.m; sourceTree = "<group>"; };
		C3F1AF271FC6C273007232E3 /* Page2ViewController.xib */ = {isa = PBXFileReference; lastKnownFileType = file.xib; path = Page2ViewController.xib; sourceTree = "<group>"; };
		C3F1AF2A1FC6C3BE007232E3 /* Page1ViewController.h */ = {isa = PBXFileReference; lastKnownFileType = sourcecode.c.h; path = Page1ViewController.h; sourceTree = "<group>"; };
		C3F1AF2B1FC6C3BE007232E3 /* Page1ViewController.m */ = {isa = PBXFileReference; lastKnownFileType = sourcecode.c.objc; path = Page1ViewController.m; sourceTree = "<group>"; };
		C3F1AF2C1FC6C3BE007232E3 /* Page1ViewController.xib */ = {isa = PBXFileReference; lastKnownFileType = file.xib; path = Page1ViewController.xib; sourceTree = "<group>"; };
		C3F1AF301FC6C7B1007232E3 /* UIControl+SDTrackTool.m */ = {isa = PBXFileReference; fileEncoding = 4; lastKnownFileType = sourcecode.c.objc; path = "UIControl+SDTrackTool.m"; sourceTree = "<group>"; };
		C3F1AF311FC6C7B1007232E3 /* SDTrackEvents.plist */ = {isa = PBXFileReference; fileEncoding = 4; lastKnownFileType = text.plist.xml; path = SDTrackEvents.plist; sourceTree = "<group>"; };
		C3F1AF331FC6C7B1007232E3 /* SDTrackTool.h */ = {isa = PBXFileReference; fileEncoding = 4; lastKnownFileType = sourcecode.c.h; path = SDTrackTool.h; sourceTree = "<group>"; };
		C3F1AF341FC6C7B1007232E3 /* UIViewController+SDTrackTool.h */ = {isa = PBXFileReference; fileEncoding = 4; lastKnownFileType = sourcecode.c.h; path = "UIViewController+SDTrackTool.h"; sourceTree = "<group>"; };
		C3F1AF351FC6C7B1007232E3 /* UIControl+SDTrackTool.h */ = {isa = PBXFileReference; fileEncoding = 4; lastKnownFileType = sourcecode.c.h; path = "UIControl+SDTrackTool.h"; sourceTree = "<group>"; };
		C3F1AF371FC6C7B1007232E3 /* SDTrackTool.m */ = {isa = PBXFileReference; fileEncoding = 4; lastKnownFileType = sourcecode.c.objc; path = SDTrackTool.m; sourceTree = "<group>"; };
		C3F1AF381FC6C7B1007232E3 /* UIViewController+ SDTrackTool.m */ = {isa = PBXFileReference; fileEncoding = 4; lastKnownFileType = sourcecode.c.objc; path = "UIViewController+ SDTrackTool.m"; sourceTree = "<group>"; };
/* End PBXFileReference section */

/* Begin PBXFrameworksBuildPhase section */
		C3F1AF091FC6C1F9007232E3 /* Frameworks */ = {
			isa = PBXFrameworksBuildPhase;
			buildActionMask = 2147483647;
			files = (
			);
			runOnlyForDeploymentPostprocessing = 0;
		};
/* End PBXFrameworksBuildPhase section */

/* Begin PBXGroup section */
		C3F1AF031FC6C1F9007232E3 = {
			isa = PBXGroup;
			children = (
				C3F1AF0E1FC6C1F9007232E3 /* SDTrackTool_Demo */,
				C3F1AF0D1FC6C1F9007232E3 /* Products */,
			);
			sourceTree = "<group>";
		};
		C3F1AF0D1FC6C1F9007232E3 /* Products */ = {
			isa = PBXGroup;
			children = (
				C3F1AF0C1FC6C1F9007232E3 /* SDTrackTool_Demo.app */,
			);
			name = Products;
			sourceTree = "<group>";
		};
		C3F1AF0E1FC6C1F9007232E3 /* SDTrackTool_Demo */ = {
			isa = PBXGroup;
			children = (
				C3F1AF2F1FC6C7B1007232E3 /* SDTrackTool */,
				C3F1AF0F1FC6C1F9007232E3 /* AppDelegate.h */,
				C3F1AF101FC6C1F9007232E3 /* AppDelegate.m */,
				C3F1AF2A1FC6C3BE007232E3 /* Page1ViewController.h */,
				C3F1AF2B1FC6C3BE007232E3 /* Page1ViewController.m */,
				C3F1AF2C1FC6C3BE007232E3 /* Page1ViewController.xib */,
				C3F1AF251FC6C273007232E3 /* Page2ViewController.h */,
				C3F1AF261FC6C273007232E3 /* Page2ViewController.m */,
				C3F1AF271FC6C273007232E3 /* Page2ViewController.xib */,
				C3F1AF181FC6C1F9007232E3 /* Assets.xcassets */,
				C3F1AF1A1FC6C1F9007232E3 /* LaunchScreen.storyboard */,
				C3F1AF1D1FC6C1F9007232E3 /* Info.plist */,
				C3F1AF1E1FC6C1F9007232E3 /* main.m */,
			);
			path = SDTrackTool_Demo;
			sourceTree = "<group>";
		};
		C3F1AF2F1FC6C7B1007232E3 /* SDTrackTool */ = {
			isa = PBXGroup;
			children = (
				C3F1AF311FC6C7B1007232E3 /* SDTrackEvents.plist */,
				C3F1AF331FC6C7B1007232E3 /* SDTrackTool.h */,
				C3F1AF371FC6C7B1007232E3 /* SDTrackTool.m */,
				C3F1AF351FC6C7B1007232E3 /* UIControl+SDTrackTool.h */,
				C3F1AF301FC6C7B1007232E3 /* UIControl+SDTrackTool.m */,
				C3F1AF341FC6C7B1007232E3 /* UIViewController+SDTrackTool.h */,
				C3F1AF381FC6C7B1007232E3 /* UIViewController+ SDTrackTool.m */,
			);
			path = SDTrackTool;
			sourceTree = "<group>";
		};
/* End PBXGroup section */

/* Begin PBXNativeTarget section */
		C3F1AF0B1FC6C1F9007232E3 /* SDTrackTool_Demo */ = {
			isa = PBXNativeTarget;
			buildConfigurationList = C3F1AF221FC6C1F9007232E3 /* Build configuration list for PBXNativeTarget "SDTrackTool_Demo" */;
			buildPhases = (
				C3F1AF081FC6C1F9007232E3 /* Sources */,
				C3F1AF091FC6C1F9007232E3 /* Frameworks */,
				C3F1AF0A1FC6C1F9007232E3 /* Resources */,
			);
			buildRules = (
			);
			dependencies = (
			);
			name = SDTrackTool_Demo;
			productName = SDTrackTool_Demo;
			productReference = C3F1AF0C1FC6C1F9007232E3 /* SDTrackTool_Demo.app */;
			productType = "com.apple.product-type.application";
		};
/* End PBXNativeTarget section */

/* Begin PBXProject section */
		C3F1AF041FC6C1F9007232E3 /* Project object */ = {
			isa = PBXProject;
			attributes = {
				LastUpgradeCheck = 0910;
				ORGANIZATIONNAME = lisd;
				TargetAttributes = {
					C3F1AF0B1FC6C1F9007232E3 = {
						CreatedOnToolsVersion = 9.1;
						ProvisioningStyle = Automatic;
					};
				};
			};
			buildConfigurationList = C3F1AF071FC6C1F9007232E3 /* Build configuration list for PBXProject "SDTrackTool_Demo" */;
			compatibilityVersion = "Xcode 8.0";
			developmentRegion = en;
			hasScannedForEncodings = 0;
			knownRegions = (
				en,
				Base,
			);
			mainGroup = C3F1AF031FC6C1F9007232E3;
			productRefGroup = C3F1AF0D1FC6C1F9007232E3 /* Products */;
			projectDirPath = "";
			projectRoot = "";
			targets = (
				C3F1AF0B1FC6C1F9007232E3 /* SDTrackTool_Demo */,
			);
		};
/* End PBXProject section */

/* Begin PBXResourcesBuildPhase section */
		C3F1AF0A1FC6C1F9007232E3 /* Resources */ = {
			isa = PBXResourcesBuildPhase;
			buildActionMask = 2147483647;
			files = (
				C3F1AF1C1FC6C1F9007232E3 /* LaunchScreen.storyboard in Resources */,
				C3F1AF2E1FC6C3BE007232E3 /* Page1ViewController.xib in Resources */,
				C3F1AF191FC6C1F9007232E3 /* Assets.xcassets in Resources */,
				C3F1AF291FC6C273007232E3 /* Page2ViewController.xib in Resources */,
				C3F1AF3A1FC6C7B1007232E3 /* SDTrackEvents.plist in Resources */,
			);
			runOnlyForDeploymentPostprocessing = 0;
		};
/* End PBXResourcesBuildPhase section */

/* Begin PBXSourcesBuildPhase section */
		C3F1AF081FC6C1F9007232E3 /* Sources */ = {
			isa = PBXSourcesBuildPhase;
			buildActionMask = 2147483647;
			files = (
				C3F1AF3D1FC6C7B1007232E3 /* UIViewController+ SDTrackTool.m in Sources */,
				C3F1AF2D1FC6C3BE007232E3 /* Page1ViewController.m in Sources */,
				C3F1AF1F1FC6C1F9007232E3 /* main.m in Sources */,
				C3F1AF3C1FC6C7B1007232E3 /* SDTrackTool.m in Sources */,
				C3F1AF281FC6C273007232E3 /* Page2ViewController.m in Sources */,
				C3F1AF111FC6C1F9007232E3 /* AppDelegate.m in Sources */,
				C3F1AF391FC6C7B1007232E3 /* UIControl+SDTrackTool.m in Sources */,
			);
			runOnlyForDeploymentPostprocessing = 0;
		};
/* End PBXSourcesBuildPhase section */

/* Begin PBXVariantGroup section */
		C3F1AF1A1FC6C1F9007232E3 /* LaunchScreen.storyboard */ = {
			isa = PBXVariantGroup;
			children = (
				C3F1AF1B1FC6C1F9007232E3 /* Base */,
			);
			name = LaunchScreen.storyboard;
			sourceTree = "<group>";
		};
/* End PBXVariantGroup section */

/* Begin XCBuildConfiguration section */
		C3F1AF201FC6C1F9007232E3 /* Debug */ = {
			isa = XCBuildConfiguration;
			buildSettings = {
				ALWAYS_SEARCH_USER_PATHS = NO;
				CLANG_ANALYZER_NONNULL = YES;
				CLANG_ANALYZER_NUMBER_OBJECT_CONVERSION = YES_AGGRESSIVE;
				CLANG_CXX_LANGUAGE_STANDARD = "gnu++14";
				CLANG_CXX_LIBRARY = "libc++";
				CLANG_ENABLE_MODULES = YES;
				CLANG_ENABLE_OBJC_ARC = YES;
				CLANG_WARN_BLOCK_CAPTURE_AUTORELEASING = YES;
				CLANG_WARN_BOOL_CONVERSION = YES;
				CLANG_WARN_COMMA = YES;
				CLANG_WARN_CONSTANT_CONVERSION = YES;
				CLANG_WARN_DIRECT_OBJC_ISA_USAGE = YES_ERROR;
				CLANG_WARN_DOCUMENTATION_COMMENTS = YES;
				CLANG_WARN_EMPTY_BODY = YES;
				CLANG_WARN_ENUM_CONVERSION = YES;
				CLANG_WARN_INFINITE_RECURSION = YES;
				CLANG_WARN_INT_CONVERSION = YES;
				CLANG_WARN_NON_LITERAL_NULL_CONVERSION = YES;
				CLANG_WARN_OBJC_LITERAL_CONVERSION = YES;
				CLANG_WARN_OBJC_ROOT_CLASS = YES_ERROR;
				CLANG_WARN_RANGE_LOOP_ANALYSIS = YES;
				CLANG_WARN_STRICT_PROTOTYPES = YES;
				CLANG_WARN_SUSPICIOUS_MOVE = YES;
				CLANG_WARN_UNGUARDED_AVAILABILITY = YES_AGGRESSIVE;
				CLANG_WARN_UNREACHABLE_CODE = YES;
				CLANG_WARN__DUPLICATE_METHOD_MATCH = YES;
				CODE_SIGN_IDENTITY = "iPhone Developer";
				COPY_PHASE_STRIP = NO;
				DEBUG_INFORMATION_FORMAT = dwarf;
				ENABLE_STRICT_OBJC_MSGSEND = YES;
				ENABLE_TESTABILITY = YES;
				GCC_C_LANGUAGE_STANDARD = gnu11;
				GCC_DYNAMIC_NO_PIC = NO;
				GCC_NO_COMMON_BLOCKS = YES;
				GCC_OPTIMIZATION_LEVEL = 0;
				GCC_PREPROCESSOR_DEFINITIONS = (
					"DEBUG=1",
					"$(inherited)",
				);
				GCC_WARN_64_TO_32_BIT_CONVERSION = YES;
				GCC_WARN_ABOUT_RETURN_TYPE = YES_ERROR;
				GCC_WARN_UNDECLARED_SELECTOR = YES;
				GCC_WARN_UNINITIALIZED_AUTOS = YES_AGGRESSIVE;
				GCC_WARN_UNUSED_FUNCTION = YES;
				GCC_WARN_UNUSED_VARIABLE = YES;
				IPHONEOS_DEPLOYMENT_TARGET = 11.1;
				MTL_ENABLE_DEBUG_INFO = YES;
				ONLY_ACTIVE_ARCH = YES;
				SDKROOT = iphoneos;
			};
			name = Debug;
		};
		C3F1AF211FC6C1F9007232E3 /* Release */ = {
			isa = XCBuildConfiguration;
			buildSettings = {
				ALWAYS_SEARCH_USER_PATHS = NO;
				CLANG_ANALYZER_NONNULL = YES;
				CLANG_ANALYZER_NUMBER_OBJECT_CONVERSION = YES_AGGRESSIVE;
				CLANG_CXX_LANGUAGE_STANDARD = "gnu++14";
				CLANG_CXX_LIBRARY = "libc++";
				CLANG_ENABLE_MODULES = YES;
				CLANG_ENABLE_OBJC_ARC = YES;
				CLANG_WARN_BLOCK_CAPTURE_AUTORELEASING = YES;
				CLANG_WARN_BOOL_CONVERSION = YES;
				CLANG_WARN_COMMA = YES;
				CLANG_WARN_CONSTANT_CONVERSION = YES;
				CLANG_WARN_DIRECT_OBJC_ISA_USAGE = YES_ERROR;
				CLANG_WARN_DOCUMENTATION_COMMENTS = YES;
				CLANG_WARN_EMPTY_BODY = YES;
				CLANG_WARN_ENUM_CONVERSION = YES;
				CLANG_WARN_INFINITE_RECURSION = YES;
				CLANG_WARN_INT_CONVERSION = YES;
				CLANG_WARN_NON_LITERAL_NULL_CONVERSION = YES;
				CLANG_WARN_OBJC_LITERAL_CONVERSION = YES;
				CLANG_WARN_OBJC_ROOT_CLASS = YES_ERROR;
				CLANG_WARN_RANGE_LOOP_ANALYSIS = YES;
				CLANG_WARN_STRICT_PROTOTYPES = YES;
				CLANG_WARN_SUSPICIOUS_MOVE = YES;
				CLANG_WARN_UNGUARDED_AVAILABILITY = YES_AGGRESSIVE;
				CLANG_WARN_UNREACHABLE_CODE = YES;
				CLANG_WARN__DUPLICATE_METHOD_MATCH = YES;
				CODE_SIGN_IDENTITY = "iPhone Developer";
				COPY_PHASE_STRIP = NO;
				DEBUG_INFORMATION_FORMAT = "dwarf-with-dsym";
				ENABLE_NS_ASSERTIONS = NO;
				ENABLE_STRICT_OBJC_MSGSEND = YES;
				GCC_C_LANGUAGE_STANDARD = gnu11;
				GCC_NO_COMMON_BLOCKS = YES;
				GCC_WARN_64_TO_32_BIT_CONVERSION = YES;
				GCC_WARN_ABOUT_RETURN_TYPE = YES_ERROR;
				GCC_WARN_UNDECLARED_SELECTOR = YES;
				GCC_WARN_UNINITIALIZED_AUTOS = YES_AGGRESSIVE;
				GCC_WARN_UNUSED_FUNCTION = YES;
				GCC_WARN_UNUSED_VARIABLE = YES;
				IPHONEOS_DEPLOYMENT_TARGET = 11.1;
				MTL_ENABLE_DEBUG_INFO = NO;
				SDKROOT = iphoneos;
				VALIDATE_PRODUCT = YES;
			};
			name = Release;
		};
		C3F1AF231FC6C1F9007232E3 /* Debug */ = {
			isa = XCBuildConfiguration;
			buildSettings = {
				ASSETCATALOG_COMPILER_APPICON_NAME = AppIcon;
				CODE_SIGN_STYLE = Automatic;
				DEVELOPMENT_TEAM = 266655SB8D;
				INFOPLIST_FILE = SDTrackTool_Demo/Info.plist;
				LD_RUNPATH_SEARCH_PATHS = "$(inherited) @executable_path/Frameworks";
				PRODUCT_BUNDLE_IDENTIFIER = "com.lisd.SDTrackTool-Demo";
				PRODUCT_NAME = "$(TARGET_NAME)";
				TARGETED_DEVICE_FAMILY = "1,2";
			};
			name = Debug;
		};
		C3F1AF241FC6C1F9007232E3 /* Release */ = {
			isa = XCBuildConfiguration;
			buildSettings = {
				ASSETCATALOG_COMPILER_APPICON_NAME = AppIcon;
				CODE_SIGN_STYLE = Automatic;
				DEVELOPMENT_TEAM = 266655SB8D;
				INFOPLIST_FILE = SDTrackTool_Demo/Info.plist;
				LD_RUNPATH_SEARCH_PATHS = "$(inherited) @executable_path/Frameworks";
				PRODUCT_BUNDLE_IDENTIFIER = "com.lisd.SDTrackTool-Demo";
				PRODUCT_NAME = "$(TARGET_NAME)";
				TARGETED_DEVICE_FAMILY = "1,2";
			};
			name = Release;
		};
/* End XCBuildConfiguration section */

/* Begin XCConfigurationList section */
		C3F1AF071FC6C1F9007232E3 /* Build configuration list for PBXProject "SDTrackTool_Demo" */ = {
			isa = XCConfigurationList;
			buildConfigurations = (
				C3F1AF201FC6C1F9007232E3 /* Debug */,
				C3F1AF211FC6C1F9007232E3 /* Release */,
			);
			defaultConfigurationIsVisible = 0;
			defaultConfigurationName = Release;
		};
		C3F1AF221FC6C1F9007232E3 /* Build configuration list for PBXNativeTarget "SDTrackTool_Demo" */ = {
			isa = XCConfigurationList;
			buildConfigurations = (
				C3F1AF231FC6C1F9007232E3 /* Debug */,
				C3F1AF241FC6C1F9007232E3 /* Release */,
			);
			defaultConfigurationIsVisible = 0;
			defaultConfigurationName = Release;
		};
/* End XCConfigurationList section */
	};
	rootObject = C3F1AF041FC6C1F9007232E3 /* Project object */;
}
